{
    "_readme": [
        "This file locks the dependencies of your project to a known state",
        "Read more about it at https://getcomposer.org/doc/01-basic-usage.md#installing-dependencies"
    ],
    "content-hash": "a3c8b2374d61f1e084acbbdffb06c8f0",
    "packages": [
        {
            "name": "monolog/monolog",
            "version": "2.9.1",
            "source": {
                "type": "git",
                "url": "https://github.com/Seldaek/monolog.git",
                "reference": "d8c4b8c3bdeef2e2c5ef6c0b291c85e2aa4e9cf9"
            },
            "require": {
                "php": ">=7.2",
                "psr/log": "^1.0 || ^2.0 || ^3.0"
            }
        }
    ],
    "packages-dev": [],
    "aliases": [],
    "minimum-stability": "stable",
    "stability-flags": [],
    "prefer-stable": false,
    "prefer-lowest": false,
    "platform": {
        "php": ">=7.2"
    },
    "platform-dev": [],
    "plugin-api-version": "2.0.0"
}
